
Microsoft Visual Studio Solution File, Format Version 12.00
# Visual Studio Version 16
VisualStudioVersion = 16.0.29503.13
MinimumVisualStudioVersion = 10.0.40219.1
Project("{FAE04EC0-301F-11D3-BF4B-00C04F79EFBC}") = "ConsoleChat", "ConsoleChat\ConsoleChat.csproj", "{DB22CFB8-33FC-454D-AEA8-2A59C57B3D39}"
EndProject
Global
	GlobalSection(SolutionConfigurationPlatforms) = preSolution
		Debug|Any CPU = Debug|Any CPU
		Release|Any CPU = Release|Any CPU
	EndGlobalSection
	GlobalSection(ProjectConfigurationPlatforms) = postSolution
		{DB22CFB8-33FC-454D-AEA8-2A59C57B3D39}.Debug|Any CPU.ActiveCfg = Debug|Any CPU
		{DB22CFB8-33FC-454D-AEA8-2A59C57B3D39}.Debug|Any CPU.Build.0 = Debug|Any CPU
		{DB22CFB8-33FC-454D-AEA8-2A59C57B3D39}.Release|Any CPU.ActiveCfg = Release|Any CPU
		{DB22CFB8-33FC-454D-AEA8-2A59C57B3D39}.Release|Any CPU.Build.0 = Release|Any CPU
	EndGlobalSection
	GlobalSection(SolutionProperties) = preSolution
		HideSolutionNode = FALSE
	EndGlobalSection
	GlobalSection(ExtensibilityGlobals) = postSolution
		SolutionGuid = {14645090-A942-4B7C-8E48-18039B1E117C}
	EndGlobalSection
EndGlobal
